
Microsoft Visual Studio Solution File, Format Version 12.00
# Visual Studio Version 16
VisualStudioVersion = 16.0.29519.161
MinimumVisualStudioVersion = 10.0.40219.1
Project("{FAE04EC0-301F-11D3-BF4B-00C04F79EFBC}") = "webAPI22_feb20", "webAPI22_feb20.csproj", "{31C29265-3B82-42CF-9E59-531717AE17EC}"
EndProject
Global
	GlobalSection(SolutionConfigurationPlatforms) = preSolution
		Debug|Any CPU = Debug|Any CPU
		Release|Any CPU = Release|Any CPU
	EndGlobalSection
	GlobalSection(ProjectConfigurationPlatforms) = postSolution
		{31C29265-3B82-42CF-9E59-531717AE17EC}.Debug|Any CPU.ActiveCfg = Debug|Any CPU
		{31C29265-3B82-42CF-9E59-531717AE17EC}.Debug|Any CPU.Build.0 = Debug|Any CPU
		{31C29265-3B82-42CF-9E59-531717AE17EC}.Release|Any CPU.ActiveCfg = Release|Any CPU
		{31C29265-3B82-42CF-9E59-531717AE17EC}.Release|Any CPU.Build.0 = Release|Any CPU
	EndGlobalSection
	GlobalSection(SolutionProperties) = preSolution
		HideSolutionNode = FALSE
	EndGlobalSection
	GlobalSection(ExtensibilityGlobals) = postSolution
		SolutionGuid = {31D876AF-D419-4289-A837-8DCAD19D062C}
	EndGlobalSection
EndGlobal
